
Microsoft Visual Studio Solution File, Format Version 12.00
# Visual Studio Version 17
VisualStudioVersion = 17.6.33829.357
MinimumVisualStudioVersion = 10.0.40219.1
Project("{FAE04EC0-301F-11D3-BF4B-00C04F79EFBC}") = "Login System", "Login System\Login System.csproj", "{DAEA3DDD-AD2E-4106-8D9B-4BD5BC605237}"
EndProject
Global
	GlobalSection(SolutionConfigurationPlatforms) = preSolution
		Debug|Any CPU = Debug|Any CPU
		Release|Any CPU = Release|Any CPU
	EndGlobalSection
	GlobalSection(ProjectConfigurationPlatforms) = postSolution
		{DAEA3DDD-AD2E-4106-8D9B-4BD5BC605237}.Debug|Any CPU.ActiveCfg = Debug|Any CPU
		{DAEA3DDD-AD2E-4106-8D9B-4BD5BC605237}.Debug|Any CPU.Build.0 = Debug|Any CPU
		{DAEA3DDD-AD2E-4106-8D9B-4BD5BC605237}.Release|Any CPU.ActiveCfg = Release|Any CPU
		{DAEA3DDD-AD2E-4106-8D9B-4BD5BC605237}.Release|Any CPU.Build.0 = Release|Any CPU
	EndGlobalSection
	GlobalSection(SolutionProperties) = preSolution
		HideSolutionNode = FALSE
	EndGlobalSection
	GlobalSection(ExtensibilityGlobals) = postSolution
		SolutionGuid = {8715E1DC-017E-4DDF-B812-C97DA7809F50}
	EndGlobalSection
EndGlobal
